
Microsoft Visual Studio Solution File, Format Version 12.00
# Visual Studio Version 17
VisualStudioVersion = 17.0.31919.166
MinimumVisualStudioVersion = 10.0.40219.1
Project("{9A19103F-16F7-4668-BE54-9A1E7A4F7556}") = "ShardNodes", "ShardNodes\ShardNodes.csproj", "{08AF5FB5-3731-4FFD-8831-B7109DB9F9B4}"
EndProject
Project("{FAE04EC0-301F-11D3-BF4B-00C04F79EFBC}") = "NodeTest", "NodeTest\NodeTest.csproj", "{60DAB95B-B39E-446C-B245-CC2C13EE9EC6}"
EndProject
Global
	GlobalSection(SolutionConfigurationPlatforms) = preSolution
		Debug|Any CPU = Debug|Any CPU
		Release|Any CPU = Release|Any CPU
	EndGlobalSection
	GlobalSection(ProjectConfigurationPlatforms) = postSolution
		{08AF5FB5-3731-4FFD-8831-B7109DB9F9B4}.Debug|Any CPU.ActiveCfg = Debug|Any CPU
		{08AF5FB5-3731-4FFD-8831-B7109DB9F9B4}.Debug|Any CPU.Build.0 = Debug|Any CPU
		{08AF5FB5-3731-4FFD-8831-B7109DB9F9B4}.Release|Any CPU.ActiveCfg = Release|Any CPU
		{08AF5FB5-3731-4FFD-8831-B7109DB9F9B4}.Release|Any CPU.Build.0 = Release|Any CPU
		{60DAB95B-B39E-446C-B245-CC2C13EE9EC6}.Debug|Any CPU.ActiveCfg = Debug|Any CPU
		{60DAB95B-B39E-446C-B245-CC2C13EE9EC6}.Debug|Any CPU.Build.0 = Debug|Any CPU
		{60DAB95B-B39E-446C-B245-CC2C13EE9EC6}.Release|Any CPU.ActiveCfg = Release|Any CPU
		{60DAB95B-B39E-446C-B245-CC2C13EE9EC6}.Release|Any CPU.Build.0 = Release|Any CPU
	EndGlobalSection
	GlobalSection(SolutionProperties) = preSolution
		HideSolutionNode = FALSE
	EndGlobalSection
	GlobalSection(ExtensibilityGlobals) = postSolution
		SolutionGuid = {DC807816-2FDF-49C2-AB03-B24E4845C85D}
	EndGlobalSection
EndGlobal
